// !$*UTF8*$!
{
	archiveVersion = 1;
	classes = {
	};
	objectVersion = 50;
	objects = {

/* Begin PBXBuildFile section */
		2763F1D486E9D20D3EA8D213 /* Pods_CountriesUITests.framework in Frameworks */ = {isa = PBXBuildFile; fileRef = 03E86EFBBFE5D05FF2FF154B /* Pods_CountriesUITests.framework */; };
		5DAE37BA4381E94C478ED47F /* Pods_Countries.framework in Frameworks */ = {isa = PBXBuildFile; fileRef = F6E714A2B307A99F39726A3F /* Pods_Countries.framework */; };
		6C3E92EA21ABE527008B089C /* AppDelegate.swift in Sources */ = {isa = PBXBuildFile; fileRef = 6C3E92E921ABE527008B089C /* AppDelegate.swift */; };
		6C3E92EC21ABE527008B089C /* CountryViewController.swift in Sources */ = {isa = PBXBuildFile; fileRef = 6C3E92EB21ABE527008B089C /* CountryViewController.swift */; };
		6C3E92EF21ABE527008B089C /* Main.storyboard in Resources */ = {isa = PBXBuildFile; fileRef = 6C3E92ED21ABE527008B089C /* Main.storyboard */; };
		6C3E92F221ABE527008B089C /* Countries.xcdatamodeld in Sources */ = {isa = PBXBuildFile; fileRef = 6C3E92F021ABE527008B089C /* Countries.xcdatamodeld */; };
		6C3E92F421ABE52C008B089C /* Assets.xcassets in Resources */ = {isa = PBXBuildFile; fileRef = 6C3E92F321ABE52C008B089C /* Assets.xcassets */; };
		6C3E92F721ABE52C008B089C /* LaunchScreen.storyboard in Resources */ = {isa = PBXBuildFile; fileRef = 6C3E92F521ABE52C008B089C /* LaunchScreen.storyboard */; };
		6C3E930221ABE52C008B089C /* CountriesTests.swift in Sources */ = {isa = PBXBuildFile; fileRef = 6C3E930121ABE52C008B089C /* CountriesTests.swift */; };
		6C3E930D21ABE52C008B089C /* CountriesUITests.swift in Sources */ = {isa = PBXBuildFile; fileRef = 6C3E930C21ABE52C008B089C /* CountriesUITests.swift */; };
		6CCD8CBD21B0F3EF00A515BC /* CoreDataManagerSpec.swift in Sources */ = {isa = PBXBuildFile; fileRef = 6CCD8CBC21B0F3EF00A515BC /* CoreDataManagerSpec.swift */; };
		6CCD8CBF21B0F64C00A515BC /* TestHelper.swift in Sources */ = {isa = PBXBuildFile; fileRef = 6CCD8CBE21B0F64C00A515BC /* TestHelper.swift */; };
		6CDD780C21ACEC0200AF0E24 /* CountryTableViewCell.swift in Sources */ = {isa = PBXBuildFile; fileRef = 6CDD780B21ACEC0200AF0E24 /* CountryTableViewCell.swift */; };
		6CDD780E21ACF5F100AF0E24 /* CountryService.swift in Sources */ = {isa = PBXBuildFile; fileRef = 6CDD780D21ACF5F100AF0E24 /* CountryService.swift */; };
		6CDD781021ACF6A700AF0E24 /* Countries.swift in Sources */ = {isa = PBXBuildFile; fileRef = 6CDD780F21ACF6A700AF0E24 /* Countries.swift */; };
		6CDD781621AD1D2500AF0E24 /* CountryPresenter.swift in Sources */ = {isa = PBXBuildFile; fileRef = 6CDD781521AD1D2500AF0E24 /* CountryPresenter.swift */; };
		6CDD781A21AD1DCE00AF0E24 /* CountryDetailViewController.swift in Sources */ = {isa = PBXBuildFile; fileRef = 6CDD781921AD1DCE00AF0E24 /* CountryDetailViewController.swift */; };
		6CDD781C21AE517100AF0E24 /* CountryDetailTableViewCell.swift in Sources */ = {isa = PBXBuildFile; fileRef = 6CDD781B21AE517100AF0E24 /* CountryDetailTableViewCell.swift */; };
		6CDD781E21AE588500AF0E24 /* CountryCurrenciesTableViewCell.swift in Sources */ = {isa = PBXBuildFile; fileRef = 6CDD781D21AE588500AF0E24 /* CountryCurrenciesTableViewCell.swift */; };
		6CDD782021AE589900AF0E24 /* CountryLanguagesTableViewCell.swift in Sources */ = {isa = PBXBuildFile; fileRef = 6CDD781F21AE589900AF0E24 /* CountryLanguagesTableViewCell.swift */; };
		6CDD782321AE9AE400AF0E24 /* CoreDataManager.swift in Sources */ = {isa = PBXBuildFile; fileRef = 6CDD782221AE9AE400AF0E24 /* CoreDataManager.swift */; };
		6CDD782621AFBFAE00AF0E24 /* SingleCountry.json in Resources */ = {isa = PBXBuildFile; fileRef = 6CDD782521AFBFAE00AF0E24 /* SingleCountry.json */; };
		6CDD782721AFBFAE00AF0E24 /* SingleCountry.json in Resources */ = {isa = PBXBuildFile; fileRef = 6CDD782521AFBFAE00AF0E24 /* SingleCountry.json */; };
		6CDD782C21AFD25000AF0E24 /* CountriesSpec.swift in Sources */ = {isa = PBXBuildFile; fileRef = 6CDD782B21AFD25000AF0E24 /* CountriesSpec.swift */; };
		6CDD782E21AFE76100AF0E24 /* CountryServiceSpec.swift in Sources */ = {isa = PBXBuildFile; fileRef = 6CDD782D21AFE76100AF0E24 /* CountryServiceSpec.swift */; };
		6CDD783021AFF42400AF0E24 /* CountryViewControllerSpec.swift in Sources */ = {isa = PBXBuildFile; fileRef = 6CDD782F21AFF42400AF0E24 /* CountryViewControllerSpec.swift */; };
		6CDD783221AFF44800AF0E24 /* CountryDetailViewControllerSpec.swift in Sources */ = {isa = PBXBuildFile; fileRef = 6CDD783121AFF44800AF0E24 /* CountryDetailViewControllerSpec.swift */; };
		6CDD783621B0064A00AF0E24 /* MultipleCountry.json in Resources */ = {isa = PBXBuildFile; fileRef = 6CDD783521B0064A00AF0E24 /* MultipleCountry.json */; };
		6CDD783721B0064A00AF0E24 /* MultipleCountry.json in Resources */ = {isa = PBXBuildFile; fileRef = 6CDD783521B0064A00AF0E24 /* MultipleCountry.json */; };
		6CDD783C21B046F700AF0E24 /* aus.svg in Resources */ = {isa = PBXBuildFile; fileRef = 6CDD783B21B046F600AF0E24 /* aus.svg */; };
		6CDD783D21B046F700AF0E24 /* aus.svg in Resources */ = {isa = PBXBuildFile; fileRef = 6CDD783B21B046F600AF0E24 /* aus.svg */; };
		781B721F8770F5C27EDEED18 /* Pods_CountriesTests.framework in Frameworks */ = {isa = PBXBuildFile; fileRef = FCD859EA3E437D2DAD3ED6B3 /* Pods_CountriesTests.framework */; };
/* End PBXBuildFile section */

/* Begin PBXContainerItemProxy section */
		6C3E92FE21ABE52C008B089C /* PBXContainerItemProxy */ = {
			isa = PBXContainerItemProxy;
			containerPortal = 6C3E92DE21ABE527008B089C /* Project object */;
			proxyType = 1;
			remoteGlobalIDString = 6C3E92E521ABE527008B089C;
			remoteInfo = Countries;
		};
		6C3E930921ABE52C008B089C /* PBXContainerItemProxy */ = {
			isa = PBXContainerItemProxy;
			containerPortal = 6C3E92DE21ABE527008B089C /* Project object */;
			proxyType = 1;
			remoteGlobalIDString = 6C3E92E521ABE527008B089C;
			remoteInfo = Countries;
		};
/* End PBXContainerItemProxy section */

/* Begin PBXFileReference section */
		03E86EFBBFE5D05FF2FF154B /* Pods_CountriesUITests.framework */ = {isa = PBXFileReference; explicitFileType = wrapper.framework; includeInIndex = 0; path = Pods_CountriesUITests.framework; sourceTree = BUILT_PRODUCTS_DIR; };
		4A8E1B9CEE939113F6BCD041 /* Pods-Countries.debug.xcconfig */ = {isa = PBXFileReference; includeInIndex = 1; lastKnownFileType = text.xcconfig; name = "Pods-Countries.debug.xcconfig"; path = "Pods/Target Support Files/Pods-Countries/Pods-Countries.debug.xcconfig"; sourceTree = "<group>"; };
		6C3E92E621ABE527008B089C /* Countries.app */ = {isa = PBXFileReference; explicitFileType = wrapper.application; includeInIndex = 0; path = Countries.app; sourceTree = BUILT_PRODUCTS_DIR; };
		6C3E92E921ABE527008B089C /* AppDelegate.swift */ = {isa = PBXFileReference; lastKnownFileType = sourcecode.swift; path = AppDelegate.swift; sourceTree = "<group>"; };
		6C3E92EB21ABE527008B089C /* CountryViewController.swift */ = {isa = PBXFileReference; lastKnownFileType = sourcecode.swift; path = CountryViewController.swift; sourceTree = "<group>"; };
		6C3E92EE21ABE527008B089C /* Base */ = {isa = PBXFileReference; lastKnownFileType = file.storyboard; name = Base; path = Base.lproj/Main.storyboard; sourceTree = "<group>"; };
		6C3E92F121ABE527008B089C /* Countries.xcdatamodel */ = {isa = PBXFileReference; lastKnownFileType = wrapper.xcdatamodel; path = Countries.xcdatamodel; sourceTree = "<group>"; };
		6C3E92F321ABE52C008B089C /* Assets.xcassets */ = {isa = PBXFileReference; lastKnownFileType = folder.assetcatalog; path = Assets.xcassets; sourceTree = "<group>"; };
		6C3E92F621ABE52C008B089C /* Base */ = {isa = PBXFileReference; lastKnownFileType = file.storyboard; name = Base; path = Base.lproj/LaunchScreen.storyboard; sourceTree = "<group>"; };
		6C3E92F821ABE52C008B089C /* Info.plist */ = {isa = PBXFileReference; lastKnownFileType = text.plist.xml; path = Info.plist; sourceTree = "<group>"; };
		6C3E92FD21ABE52C008B089C /* CountriesTests.xctest */ = {isa = PBXFileReference; explicitFileType = wrapper.cfbundle; includeInIndex = 0; path = CountriesTests.xctest; sourceTree = BUILT_PRODUCTS_DIR; };
		6C3E930121ABE52C008B089C /* CountriesTests.swift */ = {isa = PBXFileReference; lastKnownFileType = sourcecode.swift; path = CountriesTests.swift; sourceTree = "<group>"; };
		6C3E930321ABE52C008B089C /* Info.plist */ = {isa = PBXFileReference; lastKnownFileType = text.plist.xml; path = Info.plist; sourceTree = "<group>"; };
		6C3E930821ABE52C008B089C /* CountriesUITests.xctest */ = {isa = PBXFileReference; explicitFileType = wrapper.cfbundle; includeInIndex = 0; path = CountriesUITests.xctest; sourceTree = BUILT_PRODUCTS_DIR; };
		6C3E930C21ABE52C008B089C /* CountriesUITests.swift */ = {isa = PBXFileReference; lastKnownFileType = sourcecode.swift; path = CountriesUITests.swift; sourceTree = "<group>"; };
		6C3E930E21ABE52C008B089C /* Info.plist */ = {isa = PBXFileReference; lastKnownFileType = text.plist.xml; path = Info.plist; sourceTree = "<group>"; };
		6CCD8CBC21B0F3EF00A515BC /* CoreDataManagerSpec.swift */ = {isa = PBXFileReference; lastKnownFileType = sourcecode.swift; path = CoreDataManagerSpec.swift; sourceTree = "<group>"; };
		6CCD8CBE21B0F64C00A515BC /* TestHelper.swift */ = {isa = PBXFileReference; lastKnownFileType = sourcecode.swift; path = TestHelper.swift; sourceTree = "<group>"; };
		6CD374B321B24B4900267758 /* SwiftSVG.framework */ = {isa = PBXFileReference; explicitFileType = wrapper.framework; path = SwiftSVG.framework; sourceTree = BUILT_PRODUCTS_DIR; };
		6CDD780B21ACEC0200AF0E24 /* CountryTableViewCell.swift */ = {isa = PBXFileReference; lastKnownFileType = sourcecode.swift; path = CountryTableViewCell.swift; sourceTree = "<group>"; };
		6CDD780D21ACF5F100AF0E24 /* CountryService.swift */ = {isa = PBXFileReference; lastKnownFileType = sourcecode.swift; path = CountryService.swift; sourceTree = "<group>"; };
		6CDD780F21ACF6A700AF0E24 /* Countries.swift */ = {isa = PBXFileReference; lastKnownFileType = sourcecode.swift; path = Countries.swift; sourceTree = "<group>"; };
		6CDD781521AD1D2500AF0E24 /* CountryPresenter.swift */ = {isa = PBXFileReference; fileEncoding = 4; lastKnownFileType = sourcecode.swift; path = CountryPresenter.swift; sourceTree = "<group>"; };
		6CDD781921AD1DCE00AF0E24 /* CountryDetailViewController.swift */ = {isa = PBXFileReference; lastKnownFileType = sourcecode.swift; path = CountryDetailViewController.swift; sourceTree = "<group>"; };
		6CDD781B21AE517100AF0E24 /* CountryDetailTableViewCell.swift */ = {isa = PBXFileReference; lastKnownFileType = sourcecode.swift; path = CountryDetailTableViewCell.swift; sourceTree = "<group>"; };
		6CDD781D21AE588500AF0E24 /* CountryCurrenciesTableViewCell.swift */ = {isa = PBXFileReference; lastKnownFileType = sourcecode.swift; path = CountryCurrenciesTableViewCell.swift; sourceTree = "<group>"; };
		6CDD781F21AE589900AF0E24 /* CountryLanguagesTableViewCell.swift */ = {isa = PBXFileReference; lastKnownFileType = sourcecode.swift; path = CountryLanguagesTableViewCell.swift; sourceTree = "<group>"; };
		6CDD782221AE9AE400AF0E24 /* CoreDataManager.swift */ = {isa = PBXFileReference; lastKnownFileType = sourcecode.swift; path = CoreDataManager.swift; sourceTree = "<group>"; };
		6CDD782521AFBFAE00AF0E24 /* SingleCountry.json */ = {isa = PBXFileReference; lastKnownFileType = text.json; path = SingleCountry.json; sourceTree = "<group>"; };
		6CDD782B21AFD25000AF0E24 /* CountriesSpec.swift */ = {isa = PBXFileReference; fileEncoding = 4; lastKnownFileType = sourcecode.swift; path = CountriesSpec.swift; sourceTree = "<group>"; };
		6CDD782D21AFE76100AF0E24 /* CountryServiceSpec.swift */ = {isa = PBXFileReference; lastKnownFileType = sourcecode.swift; path = CountryServiceSpec.swift; sourceTree = "<group>"; };
		6CDD782F21AFF42400AF0E24 /* CountryViewControllerSpec.swift */ = {isa = PBXFileReference; lastKnownFileType = sourcecode.swift; path = CountryViewControllerSpec.swift; sourceTree = "<group>"; };
		6CDD783121AFF44800AF0E24 /* CountryDetailViewControllerSpec.swift */ = {isa = PBXFileReference; lastKnownFileType = sourcecode.swift; path = CountryDetailViewControllerSpec.swift; sourceTree = "<group>"; };
		6CDD783521B0064A00AF0E24 /* MultipleCountry.json */ = {isa = PBXFileReference; fileEncoding = 4; lastKnownFileType = text.json; path = MultipleCountry.json; sourceTree = "<group>"; };
		6CDD783B21B046F600AF0E24 /* aus.svg */ = {isa = PBXFileReference; lastKnownFileType = text.xml; path = aus.svg; sourceTree = "<group>"; };
		751B4330B126E8C96C39E8D0 /* Pods-CountriesTests.release.xcconfig */ = {isa = PBXFileReference; includeInIndex = 1; lastKnownFileType = text.xcconfig; name = "Pods-CountriesTests.release.xcconfig"; path = "Pods/Target Support Files/Pods-CountriesTests/Pods-CountriesTests.release.xcconfig"; sourceTree = "<group>"; };
		A68FA1B67826695310EF3CE9 /* Pods-CountriesUITests.release.xcconfig */ = {isa = PBXFileReference; includeInIndex = 1; lastKnownFileType = text.xcconfig; name = "Pods-CountriesUITests.release.xcconfig"; path = "Pods/Target Support Files/Pods-CountriesUITests/Pods-CountriesUITests.release.xcconfig"; sourceTree = "<group>"; };
		ABEBC8C53B59C5EF326C799E /* Pods-CountriesTests.debug.xcconfig */ = {isa = PBXFileReference; includeInIndex = 1; lastKnownFileType = text.xcconfig; name = "Pods-CountriesTests.debug.xcconfig"; path = "Pods/Target Support Files/Pods-CountriesTests/Pods-CountriesTests.debug.xcconfig"; sourceTree = "<group>"; };
		AF778E9AA00CA820E3BDDAF6 /* Pods-Countries.release.xcconfig */ = {isa = PBXFileReference; includeInIndex = 1; lastKnownFileType = text.xcconfig; name = "Pods-Countries.release.xcconfig"; path = "Pods/Target Support Files/Pods-Countries/Pods-Countries.release.xcconfig"; sourceTree = "<group>"; };
		C8697EDA7E964F592FC58836 /* Pods-CountriesUITests.debug.xcconfig */ = {isa = PBXFileReference; includeInIndex = 1; lastKnownFileType = text.xcconfig; name = "Pods-CountriesUITests.debug.xcconfig"; path = "Pods/Target Support Files/Pods-CountriesUITests/Pods-CountriesUITests.debug.xcconfig"; sourceTree = "<group>"; };
		F6E714A2B307A99F39726A3F /* Pods_Countries.framework */ = {isa = PBXFileReference; explicitFileType = wrapper.framework; includeInIndex = 0; path = Pods_Countries.framework; sourceTree = BUILT_PRODUCTS_DIR; };
		FCD859EA3E437D2DAD3ED6B3 /* Pods_CountriesTests.framework */ = {isa = PBXFileReference; explicitFileType = wrapper.framework; includeInIndex = 0; path = Pods_CountriesTests.framework; sourceTree = BUILT_PRODUCTS_DIR; };
/* End PBXFileReference section */

/* Begin PBXFrameworksBuildPhase section */
		6C3E92E321ABE527008B089C /* Frameworks */ = {
			isa = PBXFrameworksBuildPhase;
			buildActionMask = 2147483647;
			files = (
				5DAE37BA4381E94C478ED47F /* Pods_Countries.framework in Frameworks */,
			);
			runOnlyForDeploymentPostprocessing = 0;
		};
		6C3E92FA21ABE52C008B089C /* Frameworks */ = {
			isa = PBXFrameworksBuildPhase;
			buildActionMask = 2147483647;
			files = (
				781B721F8770F5C27EDEED18 /* Pods_CountriesTests.framework in Frameworks */,
			);
			runOnlyForDeploymentPostprocessing = 0;
		};
		6C3E930521ABE52C008B089C /* Frameworks */ = {
			isa = PBXFrameworksBuildPhase;
			buildActionMask = 2147483647;
			files = (
				2763F1D486E9D20D3EA8D213 /* Pods_CountriesUITests.framework in Frameworks */,
			);
			runOnlyForDeploymentPostprocessing = 0;
		};
/* End PBXFrameworksBuildPhase section */

/* Begin PBXGroup section */
		2CAD25C03971E4B699A6ADE3 /* Pods */ = {
			isa = PBXGroup;
			children = (
				4A8E1B9CEE939113F6BCD041 /* Pods-Countries.debug.xcconfig */,
				AF778E9AA00CA820E3BDDAF6 /* Pods-Countries.release.xcconfig */,
				ABEBC8C53B59C5EF326C799E /* Pods-CountriesTests.debug.xcconfig */,
				751B4330B126E8C96C39E8D0 /* Pods-CountriesTests.release.xcconfig */,
				C8697EDA7E964F592FC58836 /* Pods-CountriesUITests.debug.xcconfig */,
				A68FA1B67826695310EF3CE9 /* Pods-CountriesUITests.release.xcconfig */,
			);
			name = Pods;
			sourceTree = "<group>";
		};
		6C3E92DD21ABE527008B089C = {
			isa = PBXGroup;
			children = (
				6CDD782421AFBF4F00AF0E24 /* JSON */,
				6C3E92E821ABE527008B089C /* Countries */,
				6C3E930021ABE52C008B089C /* CountriesTests */,
				6C3E930B21ABE52C008B089C /* CountriesUITests */,
				6C3E92E721ABE527008B089C /* Products */,
				2CAD25C03971E4B699A6ADE3 /* Pods */,
				D3B8CD4252D6A390F1BEB659 /* Frameworks */,
			);
			sourceTree = "<group>";
		};
		6C3E92E721ABE527008B089C /* Products */ = {
			isa = PBXGroup;
			children = (
				6C3E92E621ABE527008B089C /* Countries.app */,
				6C3E92FD21ABE52C008B089C /* CountriesTests.xctest */,
				6C3E930821ABE52C008B089C /* CountriesUITests.xctest */,
			);
			name = Products;
			sourceTree = "<group>";
		};
		6C3E92E821ABE527008B089C /* Countries */ = {
			isa = PBXGroup;
			children = (
				6CDD782121AE9ACE00AF0E24 /* Manager */,
				6CDD781821AD1D8700AF0E24 /* Controller */,
				6CDD781721AD1D6600AF0E24 /* View */,
				6CDD781421AD1CF300AF0E24 /* Presenter */,
				6CDD780A21AC524E00AF0E24 /* Model */,
				6CDD780921AC524200AF0E24 /* Service */,
				6C3E92E921ABE527008B089C /* AppDelegate.swift */,
				6C3E92ED21ABE527008B089C /* Main.storyboard */,
				6C3E92F321ABE52C008B089C /* Assets.xcassets */,
				6C3E92F521ABE52C008B089C /* LaunchScreen.storyboard */,
				6C3E92F821ABE52C008B089C /* Info.plist */,
				6C3E92F021ABE527008B089C /* Countries.xcdatamodeld */,
			);
			path = Countries;
			sourceTree = "<group>";
		};
		6C3E930021ABE52C008B089C /* CountriesTests */ = {
			isa = PBXGroup;
			children = (
				6CDD782B21AFD25000AF0E24 /* CountriesSpec.swift */,
				6CDD782D21AFE76100AF0E24 /* CountryServiceSpec.swift */,
				6C3E930121ABE52C008B089C /* CountriesTests.swift */,
				6C3E930321ABE52C008B089C /* Info.plist */,
				6CDD782F21AFF42400AF0E24 /* CountryViewControllerSpec.swift */,
				6CDD783121AFF44800AF0E24 /* CountryDetailViewControllerSpec.swift */,
				6CCD8CBC21B0F3EF00A515BC /* CoreDataManagerSpec.swift */,
				6CCD8CBE21B0F64C00A515BC /* TestHelper.swift */,
			);
			path = CountriesTests;
			sourceTree = "<group>";
		};
		6C3E930B21ABE52C008B089C /* CountriesUITests */ = {
			isa = PBXGroup;
			children = (
				6C3E930C21ABE52C008B089C /* CountriesUITests.swift */,
				6C3E930E21ABE52C008B089C /* Info.plist */,
			);
			path = CountriesUITests;
			sourceTree = "<group>";
		};
		6CDD780921AC524200AF0E24 /* Service */ = {
			isa = PBXGroup;
			children = (
				6CDD780D21ACF5F100AF0E24 /* CountryService.swift */,
			);
			path = Service;
			sourceTree = "<group>";
		};
		6CDD780A21AC524E00AF0E24 /* Model */ = {
			isa = PBXGroup;
			children = (
				6CDD780F21ACF6A700AF0E24 /* Countries.swift */,
			);
			path = Model;
			sourceTree = "<group>";
		};
		6CDD781421AD1CF300AF0E24 /* Presenter */ = {
			isa = PBXGroup;
			children = (
				6CDD781521AD1D2500AF0E24 /* CountryPresenter.swift */,
			);
			path = Presenter;
			sourceTree = "<group>";
		};
		6CDD781721AD1D6600AF0E24 /* View */ = {
			isa = PBXGroup;
			children = (
				6CDD780B21ACEC0200AF0E24 /* CountryTableViewCell.swift */,
				6CDD781B21AE517100AF0E24 /* CountryDetailTableViewCell.swift */,
				6CDD781D21AE588500AF0E24 /* CountryCurrenciesTableViewCell.swift */,
				6CDD781F21AE589900AF0E24 /* CountryLanguagesTableViewCell.swift */,
			);
			path = View;
			sourceTree = "<group>";
		};
		6CDD781821AD1D8700AF0E24 /* Controller */ = {
			isa = PBXGroup;
			children = (
				6C3E92EB21ABE527008B089C /* CountryViewController.swift */,
				6CDD781921AD1DCE00AF0E24 /* CountryDetailViewController.swift */,
			);
			path = Controller;
			sourceTree = "<group>";
		};
		6CDD782121AE9ACE00AF0E24 /* Manager */ = {
			isa = PBXGroup;
			children = (
				6CDD782221AE9AE400AF0E24 /* CoreDataManager.swift */,
			);
			path = Manager;
			sourceTree = "<group>";
		};
		6CDD782421AFBF4F00AF0E24 /* JSON */ = {
			isa = PBXGroup;
			children = (
				6CDD783B21B046F600AF0E24 /* aus.svg */,
				6CDD783521B0064A00AF0E24 /* MultipleCountry.json */,
				6CDD782521AFBFAE00AF0E24 /* SingleCountry.json */,
			);
			path = JSON;
			sourceTree = "<group>";
		};
		D3B8CD4252D6A390F1BEB659 /* Frameworks */ = {
			isa = PBXGroup;
			children = (
				6CD374B321B24B4900267758 /* SwiftSVG.framework */,
				F6E714A2B307A99F39726A3F /* Pods_Countries.framework */,
				FCD859EA3E437D2DAD3ED6B3 /* Pods_CountriesTests.framework */,
				03E86EFBBFE5D05FF2FF154B /* Pods_CountriesUITests.framework */,
			);
			name = Frameworks;
			sourceTree = "<group>";
		};
/* End PBXGroup section */

/* Begin PBXNativeTarget section */
		6C3E92E521ABE527008B089C /* Countries */ = {
			isa = PBXNativeTarget;
			buildConfigurationList = 6C3E931121ABE52C008B089C /* Build configuration list for PBXNativeTarget "Countries" */;
			buildPhases = (
				A8B9B4E0EA939A5D6B04B9C1 /* [CP] Check Pods Manifest.lock */,
				6C3E92E221ABE527008B089C /* Sources */,
				6C3E92E321ABE527008B089C /* Frameworks */,
				6C3E92E421ABE527008B089C /* Resources */,
				6CDD781121AD0A6600AF0E24 /* ShellScript */,
				387E5CCDC2A6651DD2A28022 /* [CP] Embed Pods Frameworks */,
			);
			buildRules = (
			);
			dependencies = (
			);
			name = Countries;
			productName = Countries;
			productReference = 6C3E92E621ABE527008B089C /* Countries.app */;
			productType = "com.apple.product-type.application";
		};
		6C3E92FC21ABE52C008B089C /* CountriesTests */ = {
			isa = PBXNativeTarget;
			buildConfigurationList = 6C3E931421ABE52C008B089C /* Build configuration list for PBXNativeTarget "CountriesTests" */;
			buildPhases = (
				0744A3797A92AEE7A8BD9ECD /* [CP] Check Pods Manifest.lock */,
				6C3E92F921ABE52C008B089C /* Sources */,
				6C3E92FA21ABE52C008B089C /* Frameworks */,
				6C3E92FB21ABE52C008B089C /* Resources */,
				ED2CA6A60F96F2EAA19F19CA /* [CP] Embed Pods Frameworks */,
			);
			buildRules = (
			);
			dependencies = (
				6C3E92FF21ABE52C008B089C /* PBXTargetDependency */,
			);
			name = CountriesTests;
			productName = CountriesTests;
			productReference = 6C3E92FD21ABE52C008B089C /* CountriesTests.xctest */;
			productType = "com.apple.product-type.bundle.unit-test";
		};
		6C3E930721ABE52C008B089C /* CountriesUITests */ = {
			isa = PBXNativeTarget;
			buildConfigurationList = 6C3E931721ABE52C008B089C /* Build configuration list for PBXNativeTarget "CountriesUITests" */;
			buildPhases = (
				3727C50E5E387B28B8D8F6FD /* [CP] Check Pods Manifest.lock */,
				6C3E930421ABE52C008B089C /* Sources */,
				6C3E930521ABE52C008B089C /* Frameworks */,
				6C3E930621ABE52C008B089C /* Resources */,
				A83421155F12896AF3E559AB /* [CP] Embed Pods Frameworks */,
			);
			buildRules = (
			);
			dependencies = (
				6C3E930A21ABE52C008B089C /* PBXTargetDependency */,
			);
			name = CountriesUITests;
			productName = CountriesUITests;
			productReference = 6C3E930821ABE52C008B089C /* CountriesUITests.xctest */;
			productType = "com.apple.product-type.bundle.ui-testing";
		};
/* End PBXNativeTarget section */

/* Begin PBXProject section */
		6C3E92DE21ABE527008B089C /* Project object */ = {
			isa = PBXProject;
			attributes = {
				LastSwiftUpdateCheck = 1010;
				LastUpgradeCheck = 1010;
				ORGANIZATIONNAME = shell;
				TargetAttributes = {
					6C3E92E521ABE527008B089C = {
						CreatedOnToolsVersion = 10.1;
					};
					6C3E92FC21ABE52C008B089C = {
						CreatedOnToolsVersion = 10.1;
						TestTargetID = 6C3E92E521ABE527008B089C;
					};
					6C3E930721ABE52C008B089C = {
						CreatedOnToolsVersion = 10.1;
						TestTargetID = 6C3E92E521ABE527008B089C;
					};
				};
			};
			buildConfigurationList = 6C3E92E121ABE527008B089C /* Build configuration list for PBXProject "Countries" */;
			compatibilityVersion = "Xcode 9.3";
			developmentRegion = en;
			hasScannedForEncodings = 0;
			knownRegions = (
				en,
				Base,
			);
			mainGroup = 6C3E92DD21ABE527008B089C;
			productRefGroup = 6C3E92E721ABE527008B089C /* Products */;
			projectDirPath = "";
			projectRoot = "";
			targets = (
				6C3E92E521ABE527008B089C /* Countries */,
				6C3E92FC21ABE52C008B089C /* CountriesTests */,
				6C3E930721ABE52C008B089C /* CountriesUITests */,
			);
		};
/* End PBXProject section */

/* Begin PBXResourcesBuildPhase section */
		6C3E92E421ABE527008B089C /* Resources */ = {
			isa = PBXResourcesBuildPhase;
			buildActionMask = 2147483647;
			files = (
				6C3E92F721ABE52C008B089C /* LaunchScreen.storyboard in Resources */,
				6C3E92F421ABE52C008B089C /* Assets.xcassets in Resources */,
				6C3E92EF21ABE527008B089C /* Main.storyboard in Resources */,
			);
			runOnlyForDeploymentPostprocessing = 0;
		};
		6C3E92FB21ABE52C008B089C /* Resources */ = {
			isa = PBXResourcesBuildPhase;
			buildActionMask = 2147483647;
			files = (
				6CDD783C21B046F700AF0E24 /* aus.svg in Resources */,
				6CDD783621B0064A00AF0E24 /* MultipleCountry.json in Resources */,
				6CDD782621AFBFAE00AF0E24 /* SingleCountry.json in Resources */,
			);
			runOnlyForDeploymentPostprocessing = 0;
		};
		6C3E930621ABE52C008B089C /* Resources */ = {
			isa = PBXResourcesBuildPhase;
			buildActionMask = 2147483647;
			files = (
				6CDD783D21B046F700AF0E24 /* aus.svg in Resources */,
				6CDD783721B0064A00AF0E24 /* MultipleCountry.json in Resources */,
				6CDD782721AFBFAE00AF0E24 /* SingleCountry.json in Resources */,
			);
			runOnlyForDeploymentPostprocessing = 0;
		};
/* End PBXResourcesBuildPhase section */

/* Begin PBXShellScriptBuildPhase section */
		0744A3797A92AEE7A8BD9ECD /* [CP] Check Pods Manifest.lock */ = {
			isa = PBXShellScriptBuildPhase;
			buildActionMask = 2147483647;
			files = (
			);
			inputFileListPaths = (
			);
			inputPaths = (
				"${PODS_PODFILE_DIR_PATH}/Podfile.lock",
				"${PODS_ROOT}/Manifest.lock",
			);
			name = "[CP] Check Pods Manifest.lock";
			outputFileListPaths = (
			);
			outputPaths = (
				"$(DERIVED_FILE_DIR)/Pods-CountriesTests-checkManifestLockResult.txt",
			);
			runOnlyForDeploymentPostprocessing = 0;
			shellPath = /bin/sh;
			shellScript = "diff \"${PODS_PODFILE_DIR_PATH}/Podfile.lock\" \"${PODS_ROOT}/Manifest.lock\" > /dev/null\nif [ $? != 0 ] ; then\n    # print error to STDERR\n    echo \"error: The sandbox is not in sync with the Podfile.lock. Run 'pod install' or update your CocoaPods installation.\" >&2\n    exit 1\nfi\n# This output is used by Xcode 'outputs' to avoid re-running this script phase.\necho \"SUCCESS\" > \"${SCRIPT_OUTPUT_FILE_0}\"\n";
			showEnvVarsInLog = 0;
		};
		3727C50E5E387B28B8D8F6FD /* [CP] Check Pods Manifest.lock */ = {
			isa = PBXShellScriptBuildPhase;
			buildActionMask = 2147483647;
			files = (
			);
			inputFileListPaths = (
			);
			inputPaths = (
				"${PODS_PODFILE_DIR_PATH}/Podfile.lock",
				"${PODS_ROOT}/Manifest.lock",
			);
			name = "[CP] Check Pods Manifest.lock";
			outputFileListPaths = (
			);
			outputPaths = (
				"$(DERIVED_FILE_DIR)/Pods-CountriesUITests-checkManifestLockResult.txt",
			);
			runOnlyForDeploymentPostprocessing = 0;
			shellPath = /bin/sh;
			shellScript = "diff \"${PODS_PODFILE_DIR_PATH}/Podfile.lock\" \"${PODS_ROOT}/Manifest.lock\" > /dev/null\nif [ $? != 0 ] ; then\n    # print error to STDERR\n    echo \"error: The sandbox is not in sync with the Podfile.lock. Run 'pod install' or update your CocoaPods installation.\" >&2\n    exit 1\nfi\n# This output is used by Xcode 'outputs' to avoid re-running this script phase.\necho \"SUCCESS\" > \"${SCRIPT_OUTPUT_FILE_0}\"\n";
			showEnvVarsInLog = 0;
		};
		387E5CCDC2A6651DD2A28022 /* [CP] Embed Pods Frameworks */ = {
			isa = PBXShellScriptBuildPhase;
			buildActionMask = 2147483647;
			files = (
			);
			inputFileListPaths = (
			);
			inputPaths = (
				"${SRCROOT}/Pods/Target Support Files/Pods-Countries/Pods-Countries-frameworks.sh",
				"${BUILT_PRODUCTS_DIR}/Alamofire/Alamofire.framework",
				"${BUILT_PRODUCTS_DIR}/CocoaLumberjack/CocoaLumberjack.framework",
				"${BUILT_PRODUCTS_DIR}/ReachabilitySwift/Reachability.framework",
				"${BUILT_PRODUCTS_DIR}/SVGKit/SVGKit.framework",
			);
			name = "[CP] Embed Pods Frameworks";
			outputFileListPaths = (
			);
			outputPaths = (
				"${TARGET_BUILD_DIR}/${FRAMEWORKS_FOLDER_PATH}/Alamofire.framework",
				"${TARGET_BUILD_DIR}/${FRAMEWORKS_FOLDER_PATH}/CocoaLumberjack.framework",
				"${TARGET_BUILD_DIR}/${FRAMEWORKS_FOLDER_PATH}/Reachability.framework",
				"${TARGET_BUILD_DIR}/${FRAMEWORKS_FOLDER_PATH}/SVGKit.framework",
			);
			runOnlyForDeploymentPostprocessing = 0;
			shellPath = /bin/sh;
			shellScript = "\"${SRCROOT}/Pods/Target Support Files/Pods-Countries/Pods-Countries-frameworks.sh\"\n";
			showEnvVarsInLog = 0;
		};
		6CDD781121AD0A6600AF0E24 /* ShellScript */ = {
			isa = PBXShellScriptBuildPhase;
			buildActionMask = 2147483647;
			files = (
			);
			inputFileListPaths = (
			);
			inputPaths = (
			);
			outputFileListPaths = (
			);
			outputPaths = (
			);
			runOnlyForDeploymentPostprocessing = 0;
			shellPath = /bin/sh;
			shellScript = "if which swiftlint >/dev/null; then\nswiftlint\nelse\necho \"warning: SwiftLint not installed, download from https://github.com/realm/SwiftLint\"\nfi\n";
		};
		A83421155F12896AF3E559AB /* [CP] Embed Pods Frameworks */ = {
			isa = PBXShellScriptBuildPhase;
			buildActionMask = 2147483647;
			files = (
			);
			inputFileListPaths = (
			);
			inputPaths = (
				"${SRCROOT}/Pods/Target Support Files/Pods-CountriesUITests/Pods-CountriesUITests-frameworks.sh",
				"${BUILT_PRODUCTS_DIR}/OHHTTPStubs/OHHTTPStubs.framework",
			);
			name = "[CP] Embed Pods Frameworks";
			outputFileListPaths = (
			);
			outputPaths = (
				"${TARGET_BUILD_DIR}/${FRAMEWORKS_FOLDER_PATH}/OHHTTPStubs.framework",
			);
			runOnlyForDeploymentPostprocessing = 0;
			shellPath = /bin/sh;
			shellScript = "\"${SRCROOT}/Pods/Target Support Files/Pods-CountriesUITests/Pods-CountriesUITests-frameworks.sh\"\n";
			showEnvVarsInLog = 0;
		};
		A8B9B4E0EA939A5D6B04B9C1 /* [CP] Check Pods Manifest.lock */ = {
			isa = PBXShellScriptBuildPhase;
			buildActionMask = 2147483647;
			files = (
			);
			inputFileListPaths = (
			);
			inputPaths = (
				"${PODS_PODFILE_DIR_PATH}/Podfile.lock",
				"${PODS_ROOT}/Manifest.lock",
			);
			name = "[CP] Check Pods Manifest.lock";
			outputFileListPaths = (
			);
			outputPaths = (
				"$(DERIVED_FILE_DIR)/Pods-Countries-checkManifestLockResult.txt",
			);
			runOnlyForDeploymentPostprocessing = 0;
			shellPath = /bin/sh;
			shellScript = "diff \"${PODS_PODFILE_DIR_PATH}/Podfile.lock\" \"${PODS_ROOT}/Manifest.lock\" > /dev/null\nif [ $? != 0 ] ; then\n    # print error to STDERR\n    echo \"error: The sandbox is not in sync with the Podfile.lock. Run 'pod install' or update your CocoaPods installation.\" >&2\n    exit 1\nfi\n# This output is used by Xcode 'outputs' to avoid re-running this script phase.\necho \"SUCCESS\" > \"${SCRIPT_OUTPUT_FILE_0}\"\n";
			showEnvVarsInLog = 0;
		};
		ED2CA6A60F96F2EAA19F19CA /* [CP] Embed Pods Frameworks */ = {
			isa = PBXShellScriptBuildPhase;
			buildActionMask = 2147483647;
			files = (
			);
			inputFileListPaths = (
			);
			inputPaths = (
				"${SRCROOT}/Pods/Target Support Files/Pods-CountriesTests/Pods-CountriesTests-frameworks.sh",
				"${BUILT_PRODUCTS_DIR}/Nimble/Nimble.framework",
				"${BUILT_PRODUCTS_DIR}/OHHTTPStubs/OHHTTPStubs.framework",
				"${BUILT_PRODUCTS_DIR}/Quick/Quick.framework",
			);
			name = "[CP] Embed Pods Frameworks";
			outputFileListPaths = (
			);
			outputPaths = (
				"${TARGET_BUILD_DIR}/${FRAMEWORKS_FOLDER_PATH}/Nimble.framework",
				"${TARGET_BUILD_DIR}/${FRAMEWORKS_FOLDER_PATH}/OHHTTPStubs.framework",
				"${TARGET_BUILD_DIR}/${FRAMEWORKS_FOLDER_PATH}/Quick.framework",
			);
			runOnlyForDeploymentPostprocessing = 0;
			shellPath = /bin/sh;
			shellScript = "\"${SRCROOT}/Pods/Target Support Files/Pods-CountriesTests/Pods-CountriesTests-frameworks.sh\"\n";
			showEnvVarsInLog = 0;
		};
/* End PBXShellScriptBuildPhase section */

/* Begin PBXSourcesBuildPhase section */
		6C3E92E221ABE527008B089C /* Sources */ = {
			isa = PBXSourcesBuildPhase;
			buildActionMask = 2147483647;
			files = (
				6CDD780C21ACEC0200AF0E24 /* CountryTableViewCell.swift in Sources */,
				6CDD781E21AE588500AF0E24 /* CountryCurrenciesTableViewCell.swift in Sources */,
				6CDD780E21ACF5F100AF0E24 /* CountryService.swift in Sources */,
				6C3E92EC21ABE527008B089C /* CountryViewController.swift in Sources */,
				6CDD781C21AE517100AF0E24 /* CountryDetailTableViewCell.swift in Sources */,
				6C3E92F221ABE527008B089C /* Countries.xcdatamodeld in Sources */,
				6CDD782321AE9AE400AF0E24 /* CoreDataManager.swift in Sources */,
				6CDD781621AD1D2500AF0E24 /* CountryPresenter.swift in Sources */,
				6CDD781021ACF6A700AF0E24 /* Countries.swift in Sources */,
				6CDD781A21AD1DCE00AF0E24 /* CountryDetailViewController.swift in Sources */,
				6CDD782021AE589900AF0E24 /* CountryLanguagesTableViewCell.swift in Sources */,
				6C3E92EA21ABE527008B089C /* AppDelegate.swift in Sources */,
			);
			runOnlyForDeploymentPostprocessing = 0;
		};
		6C3E92F921ABE52C008B089C /* Sources */ = {
			isa = PBXSourcesBuildPhase;
			buildActionMask = 2147483647;
			files = (
				6CDD783221AFF44800AF0E24 /* CountryDetailViewControllerSpec.swift in Sources */,
				6CCD8CBD21B0F3EF00A515BC /* CoreDataManagerSpec.swift in Sources */,
				6CCD8CBF21B0F64C00A515BC /* TestHelper.swift in Sources */,
				6CDD783021AFF42400AF0E24 /* CountryViewControllerSpec.swift in Sources */,
				6C3E930221ABE52C008B089C /* CountriesTests.swift in Sources */,
				6CDD782E21AFE76100AF0E24 /* CountryServiceSpec.swift in Sources */,
				6CDD782C21AFD25000AF0E24 /* CountriesSpec.swift in Sources */,
			);
			runOnlyForDeploymentPostprocessing = 0;
		};
		6C3E930421ABE52C008B089C /* Sources */ = {
			isa = PBXSourcesBuildPhase;
			buildActionMask = 2147483647;
			files = (
				6C3E930D21ABE52C008B089C /* CountriesUITests.swift in Sources */,
			);
			runOnlyForDeploymentPostprocessing = 0;
		};
/* End PBXSourcesBuildPhase section */

/* Begin PBXTargetDependency section */
		6C3E92FF21ABE52C008B089C /* PBXTargetDependency */ = {
			isa = PBXTargetDependency;
			target = 6C3E92E521ABE527008B089C /* Countries */;
			targetProxy = 6C3E92FE21ABE52C008B089C /* PBXContainerItemProxy */;
		};
		6C3E930A21ABE52C008B089C /* PBXTargetDependency */ = {
			isa = PBXTargetDependency;
			target = 6C3E92E521ABE527008B089C /* Countries */;
			targetProxy = 6C3E930921ABE52C008B089C /* PBXContainerItemProxy */;
		};
/* End PBXTargetDependency section */

/* Begin PBXVariantGroup section */
		6C3E92ED21ABE527008B089C /* Main.storyboard */ = {
			isa = PBXVariantGroup;
			children = (
				6C3E92EE21ABE527008B089C /* Base */,
			);
			name = Main.storyboard;
			sourceTree = "<group>";
		};
		6C3E92F521ABE52C008B089C /* LaunchScreen.storyboard */ = {
			isa = PBXVariantGroup;
			children = (
				6C3E92F621ABE52C008B089C /* Base */,
			);
			name = LaunchScreen.storyboard;
			sourceTree = "<group>";
		};
/* End PBXVariantGroup section */

/* Begin XCBuildConfiguration section */
		6C3E930F21ABE52C008B089C /* Debug */ = {
			isa = XCBuildConfiguration;
			buildSettings = {
				ALWAYS_SEARCH_USER_PATHS = NO;
				CLANG_ANALYZER_NONNULL = YES;
				CLANG_ANALYZER_NUMBER_OBJECT_CONVERSION = YES_AGGRESSIVE;
				CLANG_CXX_LANGUAGE_STANDARD = "gnu++14";
				CLANG_CXX_LIBRARY = "libc++";
				CLANG_ENABLE_MODULES = YES;
				CLANG_ENABLE_OBJC_ARC = YES;
				CLANG_ENABLE_OBJC_WEAK = YES;
				CLANG_WARN_BLOCK_CAPTURE_AUTORELEASING = YES;
				CLANG_WARN_BOOL_CONVERSION = YES;
				CLANG_WARN_COMMA = YES;
				CLANG_WARN_CONSTANT_CONVERSION = YES;
				CLANG_WARN_DEPRECATED_OBJC_IMPLEMENTATIONS = YES;
				CLANG_WARN_DIRECT_OBJC_ISA_USAGE = YES_ERROR;
				CLANG_WARN_DOCUMENTATION_COMMENTS = YES;
				CLANG_WARN_EMPTY_BODY = YES;
				CLANG_WARN_ENUM_CONVERSION = YES;
				CLANG_WARN_INFINITE_RECURSION = YES;
				CLANG_WARN_INT_CONVERSION = YES;
				CLANG_WARN_NON_LITERAL_NULL_CONVERSION = YES;
				CLANG_WARN_OBJC_IMPLICIT_RETAIN_SELF = YES;
				CLANG_WARN_OBJC_LITERAL_CONVERSION = YES;
				CLANG_WARN_OBJC_ROOT_CLASS = YES_ERROR;
				CLANG_WARN_RANGE_LOOP_ANALYSIS = YES;
				CLANG_WARN_STRICT_PROTOTYPES = YES;
				CLANG_WARN_SUSPICIOUS_MOVE = YES;
				CLANG_WARN_UNGUARDED_AVAILABILITY = YES_AGGRESSIVE;
				CLANG_WARN_UNREACHABLE_CODE = YES;
				CLANG_WARN__DUPLICATE_METHOD_MATCH = YES;
				CODE_SIGN_IDENTITY = "iPhone Developer";
				COPY_PHASE_STRIP = NO;
				DEBUG_INFORMATION_FORMAT = dwarf;
				ENABLE_STRICT_OBJC_MSGSEND = YES;
				ENABLE_TESTABILITY = YES;
				GCC_C_LANGUAGE_STANDARD = gnu11;
				GCC_DYNAMIC_NO_PIC = NO;
				GCC_NO_COMMON_BLOCKS = YES;
				GCC_OPTIMIZATION_LEVEL = 0;
				GCC_PREPROCESSOR_DEFINITIONS = (
					"DEBUG=1",
					"$(inherited)",
				);
				GCC_WARN_64_TO_32_BIT_CONVERSION = YES;
				GCC_WARN_ABOUT_RETURN_TYPE = YES_ERROR;
				GCC_WARN_UNDECLARED_SELECTOR = YES;
				GCC_WARN_UNINITIALIZED_AUTOS = YES_AGGRESSIVE;
				GCC_WARN_UNUSED_FUNCTION = YES;
				GCC_WARN_UNUSED_VARIABLE = YES;
				IPHONEOS_DEPLOYMENT_TARGET = 12.1;
				MTL_ENABLE_DEBUG_INFO = INCLUDE_SOURCE;
				MTL_FAST_MATH = YES;
				ONLY_ACTIVE_ARCH = YES;
				SDKROOT = iphoneos;
				SWIFT_ACTIVE_COMPILATION_CONDITIONS = DEBUG;
				SWIFT_OPTIMIZATION_LEVEL = "-Onone";
			};
			name = Debug;
		};
		6C3E931021ABE52C008B089C /* Release */ = {
			isa = XCBuildConfiguration;
			buildSettings = {
				ALWAYS_SEARCH_USER_PATHS = NO;
				CLANG_ANALYZER_NONNULL = YES;
				CLANG_ANALYZER_NUMBER_OBJECT_CONVERSION = YES_AGGRESSIVE;
				CLANG_CXX_LANGUAGE_STANDARD = "gnu++14";
				CLANG_CXX_LIBRARY = "libc++";
				CLANG_ENABLE_MODULES = YES;
				CLANG_ENABLE_OBJC_ARC = YES;
				CLANG_ENABLE_OBJC_WEAK = YES;
				CLANG_WARN_BLOCK_CAPTURE_AUTORELEASING = YES;
				CLANG_WARN_BOOL_CONVERSION = YES;
				CLANG_WARN_COMMA = YES;
				CLANG_WARN_CONSTANT_CONVERSION = YES;
				CLANG_WARN_DEPRECATED_OBJC_IMPLEMENTATIONS = YES;
				CLANG_WARN_DIRECT_OBJC_ISA_USAGE = YES_ERROR;
				CLANG_WARN_DOCUMENTATION_COMMENTS = YES;
				CLANG_WARN_EMPTY_BODY = YES;
				CLANG_WARN_ENUM_CONVERSION = YES;
				CLANG_WARN_INFINITE_RECURSION = YES;
				CLANG_WARN_INT_CONVERSION = YES;
				CLANG_WARN_NON_LITERAL_NULL_CONVERSION = YES;
				CLANG_WARN_OBJC_IMPLICIT_RETAIN_SELF = YES;
				CLANG_WARN_OBJC_LITERAL_CONVERSION = YES;
				CLANG_WARN_OBJC_ROOT_CLASS = YES_ERROR;
				CLANG_WARN_RANGE_LOOP_ANALYSIS = YES;
				CLANG_WARN_STRICT_PROTOTYPES = YES;
				CLANG_WARN_SUSPICIOUS_MOVE = YES;
				CLANG_WARN_UNGUARDED_AVAILABILITY = YES_AGGRESSIVE;
				CLANG_WARN_UNREACHABLE_CODE = YES;
				CLANG_WARN__DUPLICATE_METHOD_MATCH = YES;
				CODE_SIGN_IDENTITY = "iPhone Developer";
				COPY_PHASE_STRIP = NO;
				DEBUG_INFORMATION_FORMAT = "dwarf-with-dsym";
				ENABLE_NS_ASSERTIONS = NO;
				ENABLE_STRICT_OBJC_MSGSEND = YES;
				GCC_C_LANGUAGE_STANDARD = gnu11;
				GCC_NO_COMMON_BLOCKS = YES;
				GCC_WARN_64_TO_32_BIT_CONVERSION = YES;
				GCC_WARN_ABOUT_RETURN_TYPE = YES_ERROR;
				GCC_WARN_UNDECLARED_SELECTOR = YES;
				GCC_WARN_UNINITIALIZED_AUTOS = YES_AGGRESSIVE;
				GCC_WARN_UNUSED_FUNCTION = YES;
				GCC_WARN_UNUSED_VARIABLE = YES;
				IPHONEOS_DEPLOYMENT_TARGET = 12.1;
				MTL_ENABLE_DEBUG_INFO = NO;
				MTL_FAST_MATH = YES;
				SDKROOT = iphoneos;
				SWIFT_COMPILATION_MODE = wholemodule;
				SWIFT_OPTIMIZATION_LEVEL = "-O";
				VALIDATE_PRODUCT = YES;
			};
			name = Release;
		};
		6C3E931221ABE52C008B089C /* Debug */ = {
			isa = XCBuildConfiguration;
			baseConfigurationReference = 4A8E1B9CEE939113F6BCD041 /* Pods-Countries.debug.xcconfig */;
			buildSettings = {
				ASSETCATALOG_COMPILER_APPICON_NAME = AppIcon;
				CODE_SIGN_STYLE = Automatic;
				DEVELOPMENT_TEAM = VEG7227K2P;
				INFOPLIST_FILE = Countries/Info.plist;
				IPHONEOS_DEPLOYMENT_TARGET = 11.4;
				LD_RUNPATH_SEARCH_PATHS = (
					"$(inherited)",
					"@executable_path/Frameworks",
				);
				PRODUCT_BUNDLE_IDENTIFIER = com.shell.Countries;
				PRODUCT_NAME = "$(TARGET_NAME)";
				SWIFT_VERSION = 4.2;
				TARGETED_DEVICE_FAMILY = "1,2";
			};
			name = Debug;
		};
		6C3E931321ABE52C008B089C /* Release */ = {
			isa = XCBuildConfiguration;
			baseConfigurationReference = AF778E9AA00CA820E3BDDAF6 /* Pods-Countries.release.xcconfig */;
			buildSettings = {
				ASSETCATALOG_COMPILER_APPICON_NAME = AppIcon;
				CODE_SIGN_STYLE = Automatic;
				DEVELOPMENT_TEAM = VEG7227K2P;
				INFOPLIST_FILE = Countries/Info.plist;
				IPHONEOS_DEPLOYMENT_TARGET = 11.4;
				LD_RUNPATH_SEARCH_PATHS = (
					"$(inherited)",
					"@executable_path/Frameworks",
				);
				PRODUCT_BUNDLE_IDENTIFIER = com.shell.Countries;
				PRODUCT_NAME = "$(TARGET_NAME)";
				SWIFT_VERSION = 4.2;
				TARGETED_DEVICE_FAMILY = "1,2";
			};
			name = Release;
		};
		6C3E931521ABE52C008B089C /* Debug */ = {
			isa = XCBuildConfiguration;
			baseConfigurationReference = ABEBC8C53B59C5EF326C799E /* Pods-CountriesTests.debug.xcconfig */;
			buildSettings = {
				ALWAYS_EMBED_SWIFT_STANDARD_LIBRARIES = YES;
				BUNDLE_LOADER = "$(TEST_HOST)";
				CODE_SIGN_STYLE = Automatic;
				DEVELOPMENT_TEAM = VEG7227K2P;
				INFOPLIST_FILE = CountriesTests/Info.plist;
				LD_RUNPATH_SEARCH_PATHS = (
					"$(inherited)",
					"@executable_path/Frameworks",
					"@loader_path/Frameworks",
				);
				PRODUCT_BUNDLE_IDENTIFIER = com.shell.CountriesTests;
				PRODUCT_NAME = "$(TARGET_NAME)";
				SWIFT_VERSION = 4.2;
				TARGETED_DEVICE_FAMILY = "1,2";
				TEST_HOST = "$(BUILT_PRODUCTS_DIR)/Countries.app/Countries";
			};
			name = Debug;
		};
		6C3E931621ABE52C008B089C /* Release */ = {
			isa = XCBuildConfiguration;
			baseConfigurationReference = 751B4330B126E8C96C39E8D0 /* Pods-CountriesTests.release.xcconfig */;
			buildSettings = {
				ALWAYS_EMBED_SWIFT_STANDARD_LIBRARIES = YES;
				BUNDLE_LOADER = "$(TEST_HOST)";
				CODE_SIGN_STYLE = Automatic;
				DEVELOPMENT_TEAM = VEG7227K2P;
				INFOPLIST_FILE = CountriesTests/Info.plist;
				LD_RUNPATH_SEARCH_PATHS = (
					"$(inherited)",
					"@executable_path/Frameworks",
					"@loader_path/Frameworks",
				);
				PRODUCT_BUNDLE_IDENTIFIER = com.shell.CountriesTests;
				PRODUCT_NAME = "$(TARGET_NAME)";
				SWIFT_VERSION = 4.2;
				TARGETED_DEVICE_FAMILY = "1,2";
				TEST_HOST = "$(BUILT_PRODUCTS_DIR)/Countries.app/Countries";
			};
			name = Release;
		};
		6C3E931821ABE52C008B089C /* Debug */ = {
			isa = XCBuildConfiguration;
			baseConfigurationReference = C8697EDA7E964F592FC58836 /* Pods-CountriesUITests.debug.xcconfig */;
			buildSettings = {
				ALWAYS_EMBED_SWIFT_STANDARD_LIBRARIES = YES;
				CODE_SIGN_STYLE = Automatic;
				DEVELOPMENT_TEAM = VEG7227K2P;
				INFOPLIST_FILE = CountriesUITests/Info.plist;
				LD_RUNPATH_SEARCH_PATHS = (
					"$(inherited)",
					"@executable_path/Frameworks",
					"@loader_path/Frameworks",
				);
				PRODUCT_BUNDLE_IDENTIFIER = com.shell.CountriesUITests;
				PRODUCT_NAME = "$(TARGET_NAME)";
				SWIFT_VERSION = 4.2;
				TARGETED_DEVICE_FAMILY = "1,2";
				TEST_TARGET_NAME = Countries;
			};
			name = Debug;
		};
		6C3E931921ABE52C008B089C /* Release */ = {
			isa = XCBuildConfiguration;
			baseConfigurationReference = A68FA1B67826695310EF3CE9 /* Pods-CountriesUITests.release.xcconfig */;
			buildSettings = {
				ALWAYS_EMBED_SWIFT_STANDARD_LIBRARIES = YES;
				CODE_SIGN_STYLE = Automatic;
				DEVELOPMENT_TEAM = VEG7227K2P;
				INFOPLIST_FILE = CountriesUITests/Info.plist;
				LD_RUNPATH_SEARCH_PATHS = (
					"$(inherited)",
					"@executable_path/Frameworks",
					"@loader_path/Frameworks",
				);
				PRODUCT_BUNDLE_IDENTIFIER = com.shell.CountriesUITests;
				PRODUCT_NAME = "$(TARGET_NAME)";
				SWIFT_VERSION = 4.2;
				TARGETED_DEVICE_FAMILY = "1,2";
				TEST_TARGET_NAME = Countries;
			};
			name = Release;
		};
/* End XCBuildConfiguration section */

/* Begin XCConfigurationList section */
		6C3E92E121ABE527008B089C /* Build configuration list for PBXProject "Countries" */ = {
			isa = XCConfigurationList;
			buildConfigurations = (
				6C3E930F21ABE52C008B089C /* Debug */,
				6C3E931021ABE52C008B089C /* Release */,
			);
			defaultConfigurationIsVisible = 0;
			defaultConfigurationName = Release;
		};
		6C3E931121ABE52C008B089C /* Build configuration list for PBXNativeTarget "Countries" */ = {
			isa = XCConfigurationList;
			buildConfigurations = (
				6C3E931221ABE52C008B089C /* Debug */,
				6C3E931321ABE52C008B089C /* Release */,
			);
			defaultConfigurationIsVisible = 0;
			defaultConfigurationName = Release;
		};
		6C3E931421ABE52C008B089C /* Build configuration list for PBXNativeTarget "CountriesTests" */ = {
			isa = XCConfigurationList;
			buildConfigurations = (
				6C3E931521ABE52C008B089C /* Debug */,
				6C3E931621ABE52C008B089C /* Release */,
			);
			defaultConfigurationIsVisible = 0;
			defaultConfigurationName = Release;
		};
		6C3E931721ABE52C008B089C /* Build configuration list for PBXNativeTarget "CountriesUITests" */ = {
			isa = XCConfigurationList;
			buildConfigurations = (
				6C3E931821ABE52C008B089C /* Debug */,
				6C3E931921ABE52C008B089C /* Release */,
			);
			defaultConfigurationIsVisible = 0;
			defaultConfigurationName = Release;
		};
/* End XCConfigurationList section */

/* Begin XCVersionGroup section */
		6C3E92F021ABE527008B089C /* Countries.xcdatamodeld */ = {
			isa = XCVersionGroup;
			children = (
				6C3E92F121ABE527008B089C /* Countries.xcdatamodel */,
			);
			currentVersion = 6C3E92F121ABE527008B089C /* Countries.xcdatamodel */;
			path = Countries.xcdatamodeld;
			sourceTree = "<group>";
			versionGroupType = wrapper.xcdatamodel;
		};
/* End XCVersionGroup section */
	};
	rootObject = 6C3E92DE21ABE527008B089C /* Project object */;
}
